
Microsoft Visual Studio Solution File, Format Version 12.00
# Visual Studio Version 17
VisualStudioVersion = 17.3.32929.385
MinimumVisualStudioVersion = 10.0.40219.1
Project("{FAE04EC0-301F-11D3-BF4B-00C04F79EFBC}") = "ISP", "ISP\ISP.csproj", "{18133650-321F-4734-A5A6-0AD431ED334E}"
EndProject
Global
	GlobalSection(SolutionConfigurationPlatforms) = preSolution
		Debug|Any CPU = Debug|Any CPU
		Release|Any CPU = Release|Any CPU
	EndGlobalSection
	GlobalSection(ProjectConfigurationPlatforms) = postSolution
		{18133650-321F-4734-A5A6-0AD431ED334E}.Debug|Any CPU.ActiveCfg = Debug|Any CPU
		{18133650-321F-4734-A5A6-0AD431ED334E}.Debug|Any CPU.Build.0 = Debug|Any CPU
		{18133650-321F-4734-A5A6-0AD431ED334E}.Release|Any CPU.ActiveCfg = Release|Any CPU
		{18133650-321F-4734-A5A6-0AD431ED334E}.Release|Any CPU.Build.0 = Release|Any CPU
	EndGlobalSection
	GlobalSection(SolutionProperties) = preSolution
		HideSolutionNode = FALSE
	EndGlobalSection
	GlobalSection(ExtensibilityGlobals) = postSolution
		SolutionGuid = {14CB5384-57EC-4F0E-9462-94A5C8AD0FE0}
	EndGlobalSection
EndGlobal
