
Microsoft Visual Studio Solution File, Format Version 12.00
# Visual Studio Version 17
VisualStudioVersion = 17.3.32929.385
MinimumVisualStudioVersion = 10.0.40219.1
Project("{FAE04EC0-301F-11D3-BF4B-00C04F79EFBC}") = "DIP", "DIP\DIP.csproj", "{D7A57572-BD8D-45DB-879D-275E3276ED62}"
EndProject
Global
	GlobalSection(SolutionConfigurationPlatforms) = preSolution
		Debug|Any CPU = Debug|Any CPU
		Release|Any CPU = Release|Any CPU
	EndGlobalSection
	GlobalSection(ProjectConfigurationPlatforms) = postSolution
		{D7A57572-BD8D-45DB-879D-275E3276ED62}.Debug|Any CPU.ActiveCfg = Debug|Any CPU
		{D7A57572-BD8D-45DB-879D-275E3276ED62}.Debug|Any CPU.Build.0 = Debug|Any CPU
		{D7A57572-BD8D-45DB-879D-275E3276ED62}.Release|Any CPU.ActiveCfg = Release|Any CPU
		{D7A57572-BD8D-45DB-879D-275E3276ED62}.Release|Any CPU.Build.0 = Release|Any CPU
	EndGlobalSection
	GlobalSection(SolutionProperties) = preSolution
		HideSolutionNode = FALSE
	EndGlobalSection
	GlobalSection(ExtensibilityGlobals) = postSolution
		SolutionGuid = {D79808EB-2C09-4676-ABB0-7D36BC0D7DE8}
	EndGlobalSection
EndGlobal
